
Microsoft Visual Studio Solution File, Format Version 12.00
# Visual Studio Version 16
VisualStudioVersion = 16.0.29926.136
MinimumVisualStudioVersion = 10.0.40219.1
Project("{FAE04EC0-301F-11D3-BF4B-00C04F79EFBC}") = "HospitalFind88", "HospitalFind88\HospitalFind88.csproj", "{FA08AE30-47DE-4AD1-8C9A-38692C75632B}"
EndProject
Global
	GlobalSection(SolutionConfigurationPlatforms) = preSolution
		Debug|Any CPU = Debug|Any CPU
		Release|Any CPU = Release|Any CPU
	EndGlobalSection
	GlobalSection(ProjectConfigurationPlatforms) = postSolution
		{FA08AE30-47DE-4AD1-8C9A-38692C75632B}.Debug|Any CPU.ActiveCfg = Debug|Any CPU
		{FA08AE30-47DE-4AD1-8C9A-38692C75632B}.Debug|Any CPU.Build.0 = Debug|Any CPU
		{FA08AE30-47DE-4AD1-8C9A-38692C75632B}.Release|Any CPU.ActiveCfg = Release|Any CPU
		{FA08AE30-47DE-4AD1-8C9A-38692C75632B}.Release|Any CPU.Build.0 = Release|Any CPU
	EndGlobalSection
	GlobalSection(SolutionProperties) = preSolution
		HideSolutionNode = FALSE
	EndGlobalSection
	GlobalSection(ExtensibilityGlobals) = postSolution
		SolutionGuid = {88E51BE2-ABE6-4DA4-B5DF-7AE7C3B800A0}
	EndGlobalSection
EndGlobal
